
Microsoft Visual Studio Solution File, Format Version 12.00
Project("{FAE04EC0-301F-11D3-BF4B-00C04F79EFBC}") = "day2", "day2.csproj", "{4F638E96-D80F-4759-A68B-D52EA8743F61}"
EndProject
Global
	GlobalSection(SolutionConfigurationPlatforms) = preSolution
		Debug|Any CPU = Debug|Any CPU
		Release|Any CPU = Release|Any CPU
	EndGlobalSection
	GlobalSection(ProjectConfigurationPlatforms) = postSolution
		{4F638E96-D80F-4759-A68B-D52EA8743F61}.Debug|Any CPU.ActiveCfg = Debug|Any CPU
		{4F638E96-D80F-4759-A68B-D52EA8743F61}.Debug|Any CPU.Build.0 = Debug|Any CPU
		{4F638E96-D80F-4759-A68B-D52EA8743F61}.Release|Any CPU.ActiveCfg = Release|Any CPU
		{4F638E96-D80F-4759-A68B-D52EA8743F61}.Release|Any CPU.Build.0 = Release|Any CPU
	EndGlobalSection
EndGlobal
